
Microsoft Visual Studio Solution File, Format Version 12.00
# Visual Studio Version 17
VisualStudioVersion = 17.2.32505.173
MinimumVisualStudioVersion = 10.0.40219.1
Project("{FAE04EC0-301F-11D3-BF4B-00C04F79EFBC}") = "Supreme", "Supreme\Supreme.csproj", "{C1E69AB9-7CCD-4190-A30A-90C7AE782F54}"
EndProject
Global
	GlobalSection(SolutionConfigurationPlatforms) = preSolution
		Debug|Any CPU = Debug|Any CPU
		Release|Any CPU = Release|Any CPU
	EndGlobalSection
	GlobalSection(ProjectConfigurationPlatforms) = postSolution
		{C1E69AB9-7CCD-4190-A30A-90C7AE782F54}.Debug|Any CPU.ActiveCfg = Debug|Any CPU
		{C1E69AB9-7CCD-4190-A30A-90C7AE782F54}.Debug|Any CPU.Build.0 = Debug|Any CPU
		{C1E69AB9-7CCD-4190-A30A-90C7AE782F54}.Release|Any CPU.ActiveCfg = Release|Any CPU
		{C1E69AB9-7CCD-4190-A30A-90C7AE782F54}.Release|Any CPU.Build.0 = Release|Any CPU
	EndGlobalSection
	GlobalSection(SolutionProperties) = preSolution
		HideSolutionNode = FALSE
	EndGlobalSection
	GlobalSection(ExtensibilityGlobals) = postSolution
		SolutionGuid = {321A508E-914A-4214-9D30-758B6395980C}
	EndGlobalSection
EndGlobal
